
Microsoft Visual Studio Solution File, Format Version 12.00
# Visual Studio 15
VisualStudioVersion = 15.0.28307.168
MinimumVisualStudioVersion = 10.0.40219.1
Project("{FAE04EC0-301F-11D3-BF4B-00C04F79EFBC}") = "4-1 uploadimages", "4-1 uploadimages\4-1 uploadimages.csproj", "{24B8C5BF-B6CA-4070-9486-1F11C908FDF4}"
EndProject
Project("{FAE04EC0-301F-11D3-BF4B-00C04F79EFBC}") = "UploadImages.data", "UploadImages.data\UploadImages.data.csproj", "{4931814F-E66A-4CF6-9646-0E4860C96A33}"
EndProject
Global
	GlobalSection(SolutionConfigurationPlatforms) = preSolution
		Debug|Any CPU = Debug|Any CPU
		Release|Any CPU = Release|Any CPU
	EndGlobalSection
	GlobalSection(ProjectConfigurationPlatforms) = postSolution
		{24B8C5BF-B6CA-4070-9486-1F11C908FDF4}.Debug|Any CPU.ActiveCfg = Debug|Any CPU
		{24B8C5BF-B6CA-4070-9486-1F11C908FDF4}.Debug|Any CPU.Build.0 = Debug|Any CPU
		{24B8C5BF-B6CA-4070-9486-1F11C908FDF4}.Release|Any CPU.ActiveCfg = Release|Any CPU
		{24B8C5BF-B6CA-4070-9486-1F11C908FDF4}.Release|Any CPU.Build.0 = Release|Any CPU
		{4931814F-E66A-4CF6-9646-0E4860C96A33}.Debug|Any CPU.ActiveCfg = Debug|Any CPU
		{4931814F-E66A-4CF6-9646-0E4860C96A33}.Debug|Any CPU.Build.0 = Debug|Any CPU
		{4931814F-E66A-4CF6-9646-0E4860C96A33}.Release|Any CPU.ActiveCfg = Release|Any CPU
		{4931814F-E66A-4CF6-9646-0E4860C96A33}.Release|Any CPU.Build.0 = Release|Any CPU
	EndGlobalSection
	GlobalSection(SolutionProperties) = preSolution
		HideSolutionNode = FALSE
	EndGlobalSection
	GlobalSection(ExtensibilityGlobals) = postSolution
		SolutionGuid = {509692BD-273A-482A-9279-32BBE943FFA0}
	EndGlobalSection
EndGlobal
